
Microsoft Visual Studio Solution File, Format Version 12.00
# Visual Studio Version 16
VisualStudioVersion = 16.0.30711.63
MinimumVisualStudioVersion = 10.0.40219.1
Project("{9A19103F-16F7-4668-BE54-9A1E7A4F7556}") = "RegistruCentras.Web", "RegistruCentras.Web\RegistruCentras.Web.csproj", "{4D99CE8F-9D32-4E99-AC74-B4B6A66439DD}"
EndProject
Project("{2150E333-8FDC-42A3-9474-1A3956D46DE8}") = "Domains", "Domains", "{29CFA7A9-E15A-4DBC-AFEC-EF71C775AA62}"
EndProject
Project("{2150E333-8FDC-42A3-9474-1A3956D46DE8}") = "Services", "Services", "{133AEE21-55DA-4AC2-8F51-C59DBAE227E3}"
EndProject
Project("{2150E333-8FDC-42A3-9474-1A3956D46DE8}") = "Data", "Data", "{B5617C19-1060-470B-A442-E18A4BCF6502}"
EndProject
Project("{9A19103F-16F7-4668-BE54-9A1E7A4F7556}") = "RegistruCentras.Domains", "RegistruCentras.Domains\RegistruCentras.Domains.csproj", "{694806AD-B599-463E-893F-61176792EADF}"
EndProject
Project("{9A19103F-16F7-4668-BE54-9A1E7A4F7556}") = "RegistruCentras.Data", "RegistruCentras.Data\RegistruCentras.Data.csproj", "{281DC8B6-223D-4BF8-85FF-B4404170ADDE}"
EndProject
Global
	GlobalSection(SolutionConfigurationPlatforms) = preSolution
		Debug|Any CPU = Debug|Any CPU
		Release|Any CPU = Release|Any CPU
	EndGlobalSection
	GlobalSection(ProjectConfigurationPlatforms) = postSolution
		{4D99CE8F-9D32-4E99-AC74-B4B6A66439DD}.Debug|Any CPU.ActiveCfg = Debug|Any CPU
		{4D99CE8F-9D32-4E99-AC74-B4B6A66439DD}.Debug|Any CPU.Build.0 = Debug|Any CPU
		{4D99CE8F-9D32-4E99-AC74-B4B6A66439DD}.Release|Any CPU.ActiveCfg = Release|Any CPU
		{4D99CE8F-9D32-4E99-AC74-B4B6A66439DD}.Release|Any CPU.Build.0 = Release|Any CPU
		{694806AD-B599-463E-893F-61176792EADF}.Debug|Any CPU.ActiveCfg = Debug|Any CPU
		{694806AD-B599-463E-893F-61176792EADF}.Debug|Any CPU.Build.0 = Debug|Any CPU
		{694806AD-B599-463E-893F-61176792EADF}.Release|Any CPU.ActiveCfg = Release|Any CPU
		{694806AD-B599-463E-893F-61176792EADF}.Release|Any CPU.Build.0 = Release|Any CPU
		{281DC8B6-223D-4BF8-85FF-B4404170ADDE}.Debug|Any CPU.ActiveCfg = Debug|Any CPU
		{281DC8B6-223D-4BF8-85FF-B4404170ADDE}.Debug|Any CPU.Build.0 = Debug|Any CPU
		{281DC8B6-223D-4BF8-85FF-B4404170ADDE}.Release|Any CPU.ActiveCfg = Release|Any CPU
		{281DC8B6-223D-4BF8-85FF-B4404170ADDE}.Release|Any CPU.Build.0 = Release|Any CPU
	EndGlobalSection
	GlobalSection(SolutionProperties) = preSolution
		HideSolutionNode = FALSE
	EndGlobalSection
	GlobalSection(NestedProjects) = preSolution
		{694806AD-B599-463E-893F-61176792EADF} = {29CFA7A9-E15A-4DBC-AFEC-EF71C775AA62}
		{281DC8B6-223D-4BF8-85FF-B4404170ADDE} = {B5617C19-1060-470B-A442-E18A4BCF6502}
	EndGlobalSection
	GlobalSection(ExtensibilityGlobals) = postSolution
		SolutionGuid = {BA305036-24DF-4C6E-B6D5-35533AA5392B}
	EndGlobalSection
EndGlobal
